// !$*UTF8*$!
{
	archiveVersion = 1;
	classes = {
	};
	objectVersion = 77;
	objects = {

/* Begin PBXBuildFile section */
		955DC8012F5E5C0000A34B51 /* HostsEditorHelper in Embed Helper */ = {isa = PBXBuildFile; fileRef = 955DC8002F5E5C0000A34B51 /* HostsEditorHelper */; settings = {ATTRIBUTES = (CodeSignOnCopy, ); }; };
		955DCA802F5E680000A34B51 /* cn.vanjay.HostsEditorHelper.plist in Copy LaunchDaemon Plist */ = {isa = PBXBuildFile; fileRef = 955DCA7F2F5E680000A34B51 /* cn.vanjay.HostsEditorHelper.plist */; };
		A1B2C3D42F6A000000A34B51 /* SnapKit in Frameworks */ = {isa = PBXBuildFile; productRef = A1B2C3D62F6A000000A34B51 /* SnapKit */; };
		C01E9FDAB4E7D97B06326737 /* Sparkle in Frameworks */ = {isa = PBXBuildFile; productRef = 01AF1926754AF7C59AE59BA3 /* Sparkle */; };
/* End PBXBuildFile section */

/* Begin PBXContainerItemProxy section */
		955DC7BD2F5E5B9900A34B51 /* PBXContainerItemProxy */ = {
			isa = PBXContainerItemProxy;
			containerPortal = 955DC7A42F5E5B9700A34B51 /* Project object */;
			proxyType = 1;
			remoteGlobalIDString = 955DC7AB2F5E5B9700A34B51;
			remoteInfo = HostsEditor;
		};
		955DC7C72F5E5B9900A34B51 /* PBXContainerItemProxy */ = {
			isa = PBXContainerItemProxy;
			containerPortal = 955DC7A42F5E5B9700A34B51 /* Project object */;
			proxyType = 1;
			remoteGlobalIDString = 955DC7AB2F5E5B9700A34B51;
			remoteInfo = HostsEditor;
		};
		955DC8082F5E5C0000A34B51 /* PBXContainerItemProxy */ = {
			isa = PBXContainerItemProxy;
			containerPortal = 955DC7A42F5E5B9700A34B51 /* Project object */;
			proxyType = 1;
			remoteGlobalIDString = 955DC8032F5E5C0000A34B51;
			remoteInfo = HostsEditorHelper;
		};
/* End PBXContainerItemProxy section */

/* Begin PBXCopyFilesBuildPhase section */
		955DC8072F5E5C0000A34B51 /* Embed Helper */ = {
			isa = PBXCopyFilesBuildPhase;
			buildActionMask = 2147483647;
			dstPath = "";
			dstSubfolderSpec = 6;
			files = (
				955DC8012F5E5C0000A34B51 /* HostsEditorHelper in Embed Helper */,
			);
			name = "Embed Helper";
			runOnlyForDeploymentPostprocessing = 0;
		};
		955DCA812F5E680100A34B51 /* Copy LaunchDaemon Plist */ = {
			isa = PBXCopyFilesBuildPhase;
			buildActionMask = 2147483647;
			dstPath = Contents/Library/LaunchDaemons;
			dstSubfolderSpec = 1;
			files = (
				955DCA802F5E680000A34B51 /* cn.vanjay.HostsEditorHelper.plist in Copy LaunchDaemon Plist */,
			);
			name = "Copy LaunchDaemon Plist";
			runOnlyForDeploymentPostprocessing = 0;
		};
/* End PBXCopyFilesBuildPhase section */

/* Begin PBXFileReference section */
		955DC7AC2F5E5B9700A34B51 /* HostsEditor.app */ = {isa = PBXFileReference; explicitFileType = wrapper.application; includeInIndex = 0; path = HostsEditor.app; sourceTree = BUILT_PRODUCTS_DIR; };
		955DC7BC2F5E5B9900A34B51 /* HostsEditorTests.xctest */ = {isa = PBXFileReference; explicitFileType = wrapper.cfbundle; includeInIndex = 0; path = HostsEditorTests.xctest; sourceTree = BUILT_PRODUCTS_DIR; };
		955DC7C62F5E5B9900A34B51 /* HostsEditorUITests.xctest */ = {isa = PBXFileReference; explicitFileType = wrapper.cfbundle; includeInIndex = 0; path = HostsEditorUITests.xctest; sourceTree = BUILT_PRODUCTS_DIR; };
		955DC8002F5E5C0000A34B51 /* HostsEditorHelper */ = {isa = PBXFileReference; explicitFileType = "compiled.mach-o.executable"; includeInIndex = 0; path = HostsEditorHelper; sourceTree = BUILT_PRODUCTS_DIR; };
		955DCA7F2F5E680000A34B51 /* cn.vanjay.HostsEditorHelper.plist */ = {isa = PBXFileReference; fileEncoding = 4; lastKnownFileType = text.plist.xml; name = cn.vanjay.HostsEditorHelper.plist; path = HostsEditor/cn.vanjay.HostsEditorHelper.plist; sourceTree = SOURCE_ROOT; };
/* End PBXFileReference section */

/* Begin PBXFileSystemSynchronizedBuildFileExceptionSet section */
		955DCA442F5E66CC00A34B51 /* Exceptions for "HostsEditor" folder in "HostsEditor" target */ = {
			isa = PBXFileSystemSynchronizedBuildFileExceptionSet;
			membershipExceptions = (
				cn.vanjay.HostsEditorHelper.plist,
				Info.plist,
			);
			target = 955DC7AB2F5E5B9700A34B51 /* HostsEditor */;
		};
/* End PBXFileSystemSynchronizedBuildFileExceptionSet section */

/* Begin PBXFileSystemSynchronizedRootGroup section */
		955DC7AE2F5E5B9700A34B51 /* HostsEditor */ = {
			isa = PBXFileSystemSynchronizedRootGroup;
			exceptions = (
				955DCA442F5E66CC00A34B51 /* Exceptions for "HostsEditor" folder in "HostsEditor" target */,
			);
			path = HostsEditor;
			sourceTree = "<group>";
		};
		955DC7BF2F5E5B9900A34B51 /* HostsEditorTests */ = {
			isa = PBXFileSystemSynchronizedRootGroup;
			path = HostsEditorTests;
			sourceTree = "<group>";
		};
		955DC7C92F5E5B9900A34B51 /* HostsEditorUITests */ = {
			isa = PBXFileSystemSynchronizedRootGroup;
			path = HostsEditorUITests;
			sourceTree = "<group>";
		};
		955DC8022F5E5C0000A34B51 /* HostsEditorHelper */ = {
			isa = PBXFileSystemSynchronizedRootGroup;
			path = HostsEditorHelper;
			sourceTree = "<group>";
		};
/* End PBXFileSystemSynchronizedRootGroup section */

/* Begin PBXFrameworksBuildPhase section */
		955DC7A92F5E5B9700A34B51 /* Frameworks */ = {
			isa = PBXFrameworksBuildPhase;
			buildActionMask = 2147483647;
			files = (
				A1B2C3D42F6A000000A34B51 /* SnapKit in Frameworks */,
				C01E9FDAB4E7D97B06326737 /* Sparkle in Frameworks */,
			);
			runOnlyForDeploymentPostprocessing = 0;
		};
		955DC7B92F5E5B9900A34B51 /* Frameworks */ = {
			isa = PBXFrameworksBuildPhase;
			buildActionMask = 2147483647;
			files = (
			);
			runOnlyForDeploymentPostprocessing = 0;
		};
		955DC7C32F5E5B9900A34B51 /* Frameworks */ = {
			isa = PBXFrameworksBuildPhase;
			buildActionMask = 2147483647;
			files = (
			);
			runOnlyForDeploymentPostprocessing = 0;
		};
		955DC8052F5E5C0000A34B51 /* Frameworks */ = {
			isa = PBXFrameworksBuildPhase;
			buildActionMask = 2147483647;
			files = (
			);
			runOnlyForDeploymentPostprocessing = 0;
		};
/* End PBXFrameworksBuildPhase section */

/* Begin PBXGroup section */
		955DC7A32F5E5B9700A34B51 = {
			isa = PBXGroup;
			children = (
				955DC7AE2F5E5B9700A34B51 /* HostsEditor */,
				955DC8022F5E5C0000A34B51 /* HostsEditorHelper */,
				955DC7BF2F5E5B9900A34B51 /* HostsEditorTests */,
				955DC7C92F5E5B9900A34B51 /* HostsEditorUITests */,
				955DC7AD2F5E5B9700A34B51 /* Products */,
				955DCA822F5E680200A34B51 /* LaunchDaemons Plists */,
			);
			sourceTree = "<group>";
		};
		955DC7AD2F5E5B9700A34B51 /* Products */ = {
			isa = PBXGroup;
			children = (
				955DC7AC2F5E5B9700A34B51 /* HostsEditor.app */,
				955DC8002F5E5C0000A34B51 /* HostsEditorHelper */,
				955DC7BC2F5E5B9900A34B51 /* HostsEditorTests.xctest */,
				955DC7C62F5E5B9900A34B51 /* HostsEditorUITests.xctest */,
			);
			name = Products;
			sourceTree = "<group>";
		};
		955DCA822F5E680200A34B51 /* LaunchDaemons Plists */ = {
			isa = PBXGroup;
			children = (
				955DCA7F2F5E680000A34B51 /* cn.vanjay.HostsEditorHelper.plist */,
			);
			name = "LaunchDaemons Plists";
			sourceTree = "<group>";
		};
/* End PBXGroup section */

/* Begin PBXNativeTarget section */
		955DC7AB2F5E5B9700A34B51 /* HostsEditor */ = {
			isa = PBXNativeTarget;
			buildConfigurationList = 955DC7D02F5E5B9900A34B51 /* Build configuration list for PBXNativeTarget "HostsEditor" */;
			buildPhases = (
				955DC7A82F5E5B9700A34B51 /* Sources */,
				955DC7A92F5E5B9700A34B51 /* Frameworks */,
				955DC7AA2F5E5B9700A34B51 /* Resources */,
				955DC8072F5E5C0000A34B51 /* Embed Helper */,
				955DCA812F5E680100A34B51 /* Copy LaunchDaemon Plist */,
			);
			buildRules = (
			);
			dependencies = (
				955DC8092F5E5C0000A34B51 /* PBXTargetDependency */,
			);
			fileSystemSynchronizedGroups = (
				955DC7AE2F5E5B9700A34B51 /* HostsEditor */,
			);
			name = HostsEditor;
			packageProductDependencies = (
				A1B2C3D62F6A000000A34B51 /* SnapKit */,
				01AF1926754AF7C59AE59BA3 /* Sparkle */,
			);
			productName = HostsEditor;
			productReference = 955DC7AC2F5E5B9700A34B51 /* HostsEditor.app */;
			productType = "com.apple.product-type.application";
		};
		955DC7BB2F5E5B9900A34B51 /* HostsEditorTests */ = {
			isa = PBXNativeTarget;
			buildConfigurationList = 955DC7D32F5E5B9900A34B51 /* Build configuration list for PBXNativeTarget "HostsEditorTests" */;
			buildPhases = (
				955DC7B82F5E5B9900A34B51 /* Sources */,
				955DC7B92F5E5B9900A34B51 /* Frameworks */,
				955DC7BA2F5E5B9900A34B51 /* Resources */,
			);
			buildRules = (
			);
			dependencies = (
				955DC7BE2F5E5B9900A34B51 /* PBXTargetDependency */,
			);
			fileSystemSynchronizedGroups = (
				955DC7BF2F5E5B9900A34B51 /* HostsEditorTests */,
			);
			name = HostsEditorTests;
			productName = HostsEditorTests;
			productReference = 955DC7BC2F5E5B9900A34B51 /* HostsEditorTests.xctest */;
			productType = "com.apple.product-type.bundle.unit-test";
		};
		955DC7C52F5E5B9900A34B51 /* HostsEditorUITests */ = {
			isa = PBXNativeTarget;
			buildConfigurationList = 955DC7D62F5E5B9900A34B51 /* Build configuration list for PBXNativeTarget "HostsEditorUITests" */;
			buildPhases = (
				955DC7C22F5E5B9900A34B51 /* Sources */,
				955DC7C32F5E5B9900A34B51 /* Frameworks */,
				955DC7C42F5E5B9900A34B51 /* Resources */,
			);
			buildRules = (
			);
			dependencies = (
				955DC7C82F5E5B9900A34B51 /* PBXTargetDependency */,
			);
			fileSystemSynchronizedGroups = (
				955DC7C92F5E5B9900A34B51 /* HostsEditorUITests */,
			);
			name = HostsEditorUITests;
			productName = HostsEditorUITests;
			productReference = 955DC7C62F5E5B9900A34B51 /* HostsEditorUITests.xctest */;
			productType = "com.apple.product-type.bundle.ui-testing";
		};
		955DC8032F5E5C0000A34B51 /* HostsEditorHelper */ = {
			isa = PBXNativeTarget;
			buildConfigurationList = 955DC80A2F5E5C0000A34B51 /* Build configuration list for PBXNativeTarget "HostsEditorHelper" */;
			buildPhases = (
				955DC8042F5E5C0000A34B51 /* Sources */,
				955DC8052F5E5C0000A34B51 /* Frameworks */,
				955DC8062F5E5C0000A34B51 /* Resources */,
			);
			buildRules = (
			);
			dependencies = (
			);
			fileSystemSynchronizedGroups = (
				955DC8022F5E5C0000A34B51 /* HostsEditorHelper */,
			);
			name = HostsEditorHelper;
			productName = HostsEditorHelper;
			productReference = 955DC8002F5E5C0000A34B51 /* HostsEditorHelper */;
			productType = "com.apple.product-type.tool";
		};
/* End PBXNativeTarget section */

/* Begin PBXProject section */
		955DC7A42F5E5B9700A34B51 /* Project object */ = {
			isa = PBXProject;
			attributes = {
				BuildIndependentTargetsInParallel = 1;
				LastSwiftUpdateCheck = 2630;
				LastUpgradeCheck = 2630;
				TargetAttributes = {
					955DC7AB2F5E5B9700A34B51 = {
						CreatedOnToolsVersion = 26.3;
					};
					955DC7BB2F5E5B9900A34B51 = {
						CreatedOnToolsVersion = 26.3;
						TestTargetID = 955DC7AB2F5E5B9700A34B51;
					};
					955DC7C52F5E5B9900A34B51 = {
						CreatedOnToolsVersion = 26.3;
						TestTargetID = 955DC7AB2F5E5B9700A34B51;
					};
				};
			};
			buildConfigurationList = 955DC7A72F5E5B9700A34B51 /* Build configuration list for PBXProject "HostsEditor" */;
			developmentRegion = en;
			hasScannedForEncodings = 0;
			knownRegions = (
				en,
				Base,
			);
			mainGroup = 955DC7A32F5E5B9700A34B51;
			minimizedProjectReferenceProxies = 1;
			packageReferences = (
				A1B2C3D52F6A000000A34B51 /* XCRemoteSwiftPackageReference "SnapKit" */,
				DCA1CFE03F952840914E5D99 /* XCRemoteSwiftPackageReference "Sparkle" */,
			);
			preferredProjectObjectVersion = 77;
			productRefGroup = 955DC7AD2F5E5B9700A34B51 /* Products */;
			projectDirPath = "";
			projectRoot = "";
			targets = (
				955DC7AB2F5E5B9700A34B51 /* HostsEditor */,
				955DC8032F5E5C0000A34B51 /* HostsEditorHelper */,
				955DC7BB2F5E5B9900A34B51 /* HostsEditorTests */,
				955DC7C52F5E5B9900A34B51 /* HostsEditorUITests */,
			);
		};
/* End PBXProject section */

/* Begin PBXResourcesBuildPhase section */
		955DC7AA2F5E5B9700A34B51 /* Resources */ = {
			isa = PBXResourcesBuildPhase;
			buildActionMask = 2147483647;
			files = (
			);
			runOnlyForDeploymentPostprocessing = 0;
		};
		955DC7BA2F5E5B9900A34B51 /* Resources */ = {
			isa = PBXResourcesBuildPhase;
			buildActionMask = 2147483647;
			files = (
			);
			runOnlyForDeploymentPostprocessing = 0;
		};
		955DC7C42F5E5B9900A34B51 /* Resources */ = {
			isa = PBXResourcesBuildPhase;
			buildActionMask = 2147483647;
			files = (
			);
			runOnlyForDeploymentPostprocessing = 0;
		};
		955DC8062F5E5C0000A34B51 /* Resources */ = {
			isa = PBXResourcesBuildPhase;
			buildActionMask = 2147483647;
			files = (
			);
			runOnlyForDeploymentPostprocessing = 0;
		};
/* End PBXResourcesBuildPhase section */

/* Begin PBXSourcesBuildPhase section */
		955DC7A82F5E5B9700A34B51 /* Sources */ = {
			isa = PBXSourcesBuildPhase;
			buildActionMask = 2147483647;
			files = (
			);
			runOnlyForDeploymentPostprocessing = 0;
		};
		955DC7B82F5E5B9900A34B51 /* Sources */ = {
			isa = PBXSourcesBuildPhase;
			buildActionMask = 2147483647;
			files = (
			);
			runOnlyForDeploymentPostprocessing = 0;
		};
		955DC7C22F5E5B9900A34B51 /* Sources */ = {
			isa = PBXSourcesBuildPhase;
			buildActionMask = 2147483647;
			files = (
			);
			runOnlyForDeploymentPostprocessing = 0;
		};
		955DC8042F5E5C0000A34B51 /* Sources */ = {
			isa = PBXSourcesBuildPhase;
			buildActionMask = 2147483647;
			files = (
			);
			runOnlyForDeploymentPostprocessing = 0;
		};
/* End PBXSourcesBuildPhase section */

/* Begin PBXTargetDependency section */
		955DC7BE2F5E5B9900A34B51 /* PBXTargetDependency */ = {
			isa = PBXTargetDependency;
			target = 955DC7AB2F5E5B9700A34B51 /* HostsEditor */;
			targetProxy = 955DC7BD2F5E5B9900A34B51 /* PBXContainerItemProxy */;
		};
		955DC7C82F5E5B9900A34B51 /* PBXTargetDependency */ = {
			isa = PBXTargetDependency;
			target = 955DC7AB2F5E5B9700A34B51 /* HostsEditor */;
			targetProxy = 955DC7C72F5E5B9900A34B51 /* PBXContainerItemProxy */;
		};
		955DC8092F5E5C0000A34B51 /* PBXTargetDependency */ = {
			isa = PBXTargetDependency;
			target = 955DC8032F5E5C0000A34B51 /* HostsEditorHelper */;
			targetProxy = 955DC8082F5E5C0000A34B51 /* PBXContainerItemProxy */;
		};
/* End PBXTargetDependency section */

/* Begin XCBuildConfiguration section */
		955DC7CE2F5E5B9900A34B51 /* Debug */ = {
			isa = XCBuildConfiguration;
			buildSettings = {
				ALWAYS_SEARCH_USER_PATHS = NO;
				ASSETCATALOG_COMPILER_GENERATE_SWIFT_ASSET_SYMBOL_EXTENSIONS = YES;
				CLANG_ANALYZER_NONNULL = YES;
				CLANG_ANALYZER_NUMBER_OBJECT_CONVERSION = YES_AGGRESSIVE;
				CLANG_CXX_LANGUAGE_STANDARD = "gnu++20";
				CLANG_ENABLE_MODULES = YES;
				CLANG_ENABLE_OBJC_ARC = YES;
				CLANG_ENABLE_OBJC_WEAK = YES;
				CLANG_WARN_BLOCK_CAPTURE_AUTORELEASING = YES;
				CLANG_WARN_BOOL_CONVERSION = YES;
				CLANG_WARN_COMMA = YES;
				CLANG_WARN_CONSTANT_CONVERSION = YES;
				CLANG_WARN_DEPRECATED_OBJC_IMPLEMENTATIONS = YES;
				CLANG_WARN_DIRECT_OBJC_ISA_USAGE = YES_ERROR;
				CLANG_WARN_DOCUMENTATION_COMMENTS = YES;
				CLANG_WARN_EMPTY_BODY = YES;
				CLANG_WARN_ENUM_CONVERSION = YES;
				CLANG_WARN_INFINITE_RECURSION = YES;
				CLANG_WARN_INT_CONVERSION = YES;
				CLANG_WARN_NON_LITERAL_NULL_CONVERSION = YES;
				CLANG_WARN_OBJC_IMPLICIT_RETAIN_SELF = YES;
				CLANG_WARN_OBJC_LITERAL_CONVERSION = YES;
				CLANG_WARN_OBJC_ROOT_CLASS = YES_ERROR;
				CLANG_WARN_QUOTED_INCLUDE_IN_FRAMEWORK_HEADER = YES;
				CLANG_WARN_RANGE_LOOP_ANALYSIS = YES;
				CLANG_WARN_STRICT_PROTOTYPES = YES;
				CLANG_WARN_SUSPICIOUS_MOVE = YES;
				CLANG_WARN_UNGUARDED_AVAILABILITY = YES_AGGRESSIVE;
				CLANG_WARN_UNREACHABLE_CODE = YES;
				CLANG_WARN__DUPLICATE_METHOD_MATCH = YES;
				COPY_PHASE_STRIP = NO;
				DEBUG_INFORMATION_FORMAT = dwarf;
				DEVELOPMENT_TEAM = X6B6C6U6QV;
				ENABLE_STRICT_OBJC_MSGSEND = YES;
				ENABLE_TESTABILITY = YES;
				ENABLE_USER_SCRIPT_SANDBOXING = YES;
				GCC_C_LANGUAGE_STANDARD = gnu17;
				GCC_DYNAMIC_NO_PIC = NO;
				GCC_NO_COMMON_BLOCKS = YES;
				GCC_OPTIMIZATION_LEVEL = 0;
				GCC_PREPROCESSOR_DEFINITIONS = (
					"DEBUG=1",
					"$(inherited)",
				);
				GCC_WARN_64_TO_32_BIT_CONVERSION = YES;
				GCC_WARN_ABOUT_RETURN_TYPE = YES_ERROR;
				GCC_WARN_UNDECLARED_SELECTOR = YES;
				GCC_WARN_UNINITIALIZED_AUTOS = YES_AGGRESSIVE;
				GCC_WARN_UNUSED_FUNCTION = YES;
				GCC_WARN_UNUSED_VARIABLE = YES;
				LOCALIZATION_PREFERS_STRING_CATALOGS = YES;
				MACOSX_DEPLOYMENT_TARGET = 26.2;
				MTL_ENABLE_DEBUG_INFO = INCLUDE_SOURCE;
				MTL_FAST_MATH = YES;
				ONLY_ACTIVE_ARCH = YES;
				SDKROOT = macosx;
				SWIFT_ACTIVE_COMPILATION_CONDITIONS = "DEBUG $(inherited)";
				SWIFT_OPTIMIZATION_LEVEL = "-Onone";
			};
			name = Debug;
		};
		955DC7CF2F5E5B9900A34B51 /* Release */ = {
			isa = XCBuildConfiguration;
			buildSettings = {
				ALWAYS_SEARCH_USER_PATHS = NO;
				ASSETCATALOG_COMPILER_GENERATE_SWIFT_ASSET_SYMBOL_EXTENSIONS = YES;
				CLANG_ANALYZER_NONNULL = YES;
				CLANG_ANALYZER_NUMBER_OBJECT_CONVERSION = YES_AGGRESSIVE;
				CLANG_CXX_LANGUAGE_STANDARD = "gnu++20";
				CLANG_ENABLE_MODULES = YES;
				CLANG_ENABLE_OBJC_ARC = YES;
				CLANG_ENABLE_OBJC_WEAK = YES;
				CLANG_WARN_BLOCK_CAPTURE_AUTORELEASING = YES;
				CLANG_WARN_BOOL_CONVERSION = YES;
				CLANG_WARN_COMMA = YES;
				CLANG_WARN_CONSTANT_CONVERSION = YES;
				CLANG_WARN_DEPRECATED_OBJC_IMPLEMENTATIONS = YES;
				CLANG_WARN_DIRECT_OBJC_ISA_USAGE = YES_ERROR;
				CLANG_WARN_DOCUMENTATION_COMMENTS = YES;
				CLANG_WARN_EMPTY_BODY = YES;
				CLANG_WARN_ENUM_CONVERSION = YES;
				CLANG_WARN_INFINITE_RECURSION = YES;
				CLANG_WARN_INT_CONVERSION = YES;
				CLANG_WARN_NON_LITERAL_NULL_CONVERSION = YES;
				CLANG_WARN_OBJC_IMPLICIT_RETAIN_SELF = YES;
				CLANG_WARN_OBJC_LITERAL_CONVERSION = YES;
				CLANG_WARN_OBJC_ROOT_CLASS = YES_ERROR;
				CLANG_WARN_QUOTED_INCLUDE_IN_FRAMEWORK_HEADER = YES;
				CLANG_WARN_RANGE_LOOP_ANALYSIS = YES;
				CLANG_WARN_STRICT_PROTOTYPES = YES;
				CLANG_WARN_SUSPICIOUS_MOVE = YES;
				CLANG_WARN_UNGUARDED_AVAILABILITY = YES_AGGRESSIVE;
				CLANG_WARN_UNREACHABLE_CODE = YES;
				CLANG_WARN__DUPLICATE_METHOD_MATCH = YES;
				COPY_PHASE_STRIP = NO;
				DEBUG_INFORMATION_FORMAT = "dwarf-with-dsym";
				DEVELOPMENT_TEAM = X6B6C6U6QV;
				ENABLE_NS_ASSERTIONS = NO;
				ENABLE_STRICT_OBJC_MSGSEND = YES;
				ENABLE_USER_SCRIPT_SANDBOXING = YES;
				GCC_C_LANGUAGE_STANDARD = gnu17;
				GCC_NO_COMMON_BLOCKS = YES;
				GCC_WARN_64_TO_32_BIT_CONVERSION = YES;
				GCC_WARN_ABOUT_RETURN_TYPE = YES_ERROR;
				GCC_WARN_UNDECLARED_SELECTOR = YES;
				GCC_WARN_UNINITIALIZED_AUTOS = YES_AGGRESSIVE;
				GCC_WARN_UNUSED_FUNCTION = YES;
				GCC_WARN_UNUSED_VARIABLE = YES;
				LOCALIZATION_PREFERS_STRING_CATALOGS = YES;
				MACOSX_DEPLOYMENT_TARGET = 26.2;
				MTL_ENABLE_DEBUG_INFO = NO;
				MTL_FAST_MATH = YES;
				SDKROOT = macosx;
				SWIFT_COMPILATION_MODE = wholemodule;
			};
			name = Release;
		};
		955DC7D12F5E5B9900A34B51 /* Debug */ = {
			isa = XCBuildConfiguration;
			buildSettings = {
				ASSETCATALOG_COMPILER_APPICON_NAME = AppIcon;
				ASSETCATALOG_COMPILER_GLOBAL_ACCENT_COLOR_NAME = AccentColor;
				CODE_SIGN_ENTITLEMENTS = HostsEditor/HostsEditor.entitlements;
				CODE_SIGN_STYLE = Automatic;
				COMBINE_HIDPI_IMAGES = YES;
				CURRENT_PROJECT_VERSION = 7;
				DEVELOPMENT_TEAM = X6B6C6U6QV;
				ENABLE_APP_SANDBOX = NO;
				ENABLE_HARDENED_RUNTIME = YES;
				GENERATE_INFOPLIST_FILE = YES;
				INFOPLIST_FILE = HostsEditor/Info.plist;
				INFOPLIST_KEY_NSHumanReadableCopyright = "";
				INFOPLIST_KEY_NSMainStoryboardFile = Main;
				INFOPLIST_KEY_NSPrincipalClass = NSApplication;
				IPHONEOS_DEPLOYMENT_TARGET = 15.6;
				LD_RUNPATH_SEARCH_PATHS = (
					"$(inherited)",
					"@executable_path/../Frameworks",
				);
				MACOSX_DEPLOYMENT_TARGET = 13.0;
				MARKETING_VERSION = 1.5.2;
				PRODUCT_BUNDLE_IDENTIFIER = cn.vanjay.HostsEditor;
				PRODUCT_NAME = "$(TARGET_NAME)";
				STRING_CATALOG_GENERATE_SYMBOLS = YES;
				SWIFT_APPROACHABLE_CONCURRENCY = YES;
				SWIFT_DEFAULT_ACTOR_ISOLATION = MainActor;
				SWIFT_EMIT_LOC_STRINGS = YES;
				SWIFT_UPCOMING_FEATURE_MEMBER_IMPORT_VISIBILITY = YES;
				SWIFT_VERSION = 5.0;
			};
			name = Debug;
		};
		955DC7D22F5E5B9900A34B51 /* Release */ = {
			isa = XCBuildConfiguration;
			buildSettings = {
				ASSETCATALOG_COMPILER_APPICON_NAME = AppIcon;
				ASSETCATALOG_COMPILER_GLOBAL_ACCENT_COLOR_NAME = AccentColor;
				CODE_SIGN_ENTITLEMENTS = "HostsEditor/HostsEditor-Release.entitlements";
				CODE_SIGN_IDENTITY = "Developer ID Application";
				CODE_SIGN_STYLE = Manual;
				CODE_SIGN_TIMESTAMP = YES;
				COMBINE_HIDPI_IMAGES = YES;
				CURRENT_PROJECT_VERSION = 7;
				DEVELOPMENT_TEAM = X6B6C6U6QV;
				ENABLE_APP_SANDBOX = NO;
				ENABLE_HARDENED_RUNTIME = YES;
				GENERATE_INFOPLIST_FILE = YES;
				INFOPLIST_FILE = HostsEditor/Info.plist;
				INFOPLIST_KEY_NSHumanReadableCopyright = "";
				INFOPLIST_KEY_NSMainStoryboardFile = Main;
				INFOPLIST_KEY_NSPrincipalClass = NSApplication;
				IPHONEOS_DEPLOYMENT_TARGET = 15.6;
				LD_RUNPATH_SEARCH_PATHS = (
					"$(inherited)",
					"@executable_path/../Frameworks",
				);
				MACOSX_DEPLOYMENT_TARGET = 13.0;
				MARKETING_VERSION = 1.5.2;
				PRODUCT_BUNDLE_IDENTIFIER = cn.vanjay.HostsEditor;
				PRODUCT_NAME = "$(TARGET_NAME)";
				PROVISIONING_PROFILE_SPECIFIER = "";
				STRING_CATALOG_GENERATE_SYMBOLS = YES;
				SWIFT_APPROACHABLE_CONCURRENCY = YES;
				SWIFT_DEFAULT_ACTOR_ISOLATION = MainActor;
				SWIFT_EMIT_LOC_STRINGS = YES;
				SWIFT_UPCOMING_FEATURE_MEMBER_IMPORT_VISIBILITY = YES;
				SWIFT_VERSION = 5.0;
			};
			name = Release;
		};
		955DC7D42F5E5B9900A34B51 /* Debug */ = {
			isa = XCBuildConfiguration;
			buildSettings = {
				BUNDLE_LOADER = "$(TEST_HOST)";
				CODE_SIGN_STYLE = Automatic;
				CURRENT_PROJECT_VERSION = 7;
				DEVELOPMENT_TEAM = X6B6C6U6QV;
				GENERATE_INFOPLIST_FILE = YES;
				MACOSX_DEPLOYMENT_TARGET = 26.2;
				MARKETING_VERSION = 1.5.2;
				PRODUCT_BUNDLE_IDENTIFIER = cn.vanjay.HostsEditorTests;
				PRODUCT_NAME = "$(TARGET_NAME)";
				STRING_CATALOG_GENERATE_SYMBOLS = NO;
				SWIFT_APPROACHABLE_CONCURRENCY = YES;
				SWIFT_EMIT_LOC_STRINGS = NO;
				SWIFT_UPCOMING_FEATURE_MEMBER_IMPORT_VISIBILITY = YES;
				SWIFT_VERSION = 5.0;
				TEST_HOST = "$(BUILT_PRODUCTS_DIR)/HostsEditor.app/$(BUNDLE_EXECUTABLE_FOLDER_PATH)/HostsEditor";
			};
			name = Debug;
		};
		955DC7D52F5E5B9900A34B51 /* Release */ = {
			isa = XCBuildConfiguration;
			buildSettings = {
				BUNDLE_LOADER = "$(TEST_HOST)";
				CODE_SIGN_STYLE = Automatic;
				CURRENT_PROJECT_VERSION = 7;
				DEVELOPMENT_TEAM = X6B6C6U6QV;
				GENERATE_INFOPLIST_FILE = YES;
				MACOSX_DEPLOYMENT_TARGET = 26.2;
				MARKETING_VERSION = 1.5.2;
				PRODUCT_BUNDLE_IDENTIFIER = cn.vanjay.HostsEditorTests;
				PRODUCT_NAME = "$(TARGET_NAME)";
				STRING_CATALOG_GENERATE_SYMBOLS = NO;
				SWIFT_APPROACHABLE_CONCURRENCY = YES;
				SWIFT_EMIT_LOC_STRINGS = NO;
				SWIFT_UPCOMING_FEATURE_MEMBER_IMPORT_VISIBILITY = YES;
				SWIFT_VERSION = 5.0;
				TEST_HOST = "$(BUILT_PRODUCTS_DIR)/HostsEditor.app/$(BUNDLE_EXECUTABLE_FOLDER_PATH)/HostsEditor";
			};
			name = Release;
		};
		955DC7D72F5E5B9900A34B51 /* Debug */ = {
			isa = XCBuildConfiguration;
			buildSettings = {
				CODE_SIGN_STYLE = Automatic;
				CURRENT_PROJECT_VERSION = 7;
				DEVELOPMENT_TEAM = X6B6C6U6QV;
				GENERATE_INFOPLIST_FILE = YES;
				MARKETING_VERSION = 1.5.2;
				PRODUCT_BUNDLE_IDENTIFIER = cn.vanjay.HostsEditorUITests;
				PRODUCT_NAME = "$(TARGET_NAME)";
				STRING_CATALOG_GENERATE_SYMBOLS = NO;
				SWIFT_APPROACHABLE_CONCURRENCY = YES;
				SWIFT_EMIT_LOC_STRINGS = NO;
				SWIFT_UPCOMING_FEATURE_MEMBER_IMPORT_VISIBILITY = YES;
				SWIFT_VERSION = 5.0;
				TEST_TARGET_NAME = HostsEditor;
			};
			name = Debug;
		};
		955DC7D82F5E5B9900A34B51 /* Release */ = {
			isa = XCBuildConfiguration;
			buildSettings = {
				CODE_SIGN_STYLE = Automatic;
				CURRENT_PROJECT_VERSION = 7;
				DEVELOPMENT_TEAM = X6B6C6U6QV;
				GENERATE_INFOPLIST_FILE = YES;
				MARKETING_VERSION = 1.5.2;
				PRODUCT_BUNDLE_IDENTIFIER = cn.vanjay.HostsEditorUITests;
				PRODUCT_NAME = "$(TARGET_NAME)";
				STRING_CATALOG_GENERATE_SYMBOLS = NO;
				SWIFT_APPROACHABLE_CONCURRENCY = YES;
				SWIFT_EMIT_LOC_STRINGS = NO;
				SWIFT_UPCOMING_FEATURE_MEMBER_IMPORT_VISIBILITY = YES;
				SWIFT_VERSION = 5.0;
				TEST_TARGET_NAME = HostsEditor;
			};
			name = Release;
		};
		955DC80B2F5E5C0000A34B51 /* Debug */ = {
			isa = XCBuildConfiguration;
			buildSettings = {
				AUTOMATION_APPLE_EVENTS = NO;
				CODE_SIGN_ENTITLEMENTS = "";
				CODE_SIGN_STYLE = Automatic;
				CURRENT_PROJECT_VERSION = 7;
				DEVELOPMENT_TEAM = X6B6C6U6QV;
				ENABLE_HARDENED_RUNTIME = YES;
				ENABLE_RESOURCE_ACCESS_AUDIO_INPUT = NO;
				ENABLE_RESOURCE_ACCESS_CALENDARS = NO;
				ENABLE_RESOURCE_ACCESS_CAMERA = NO;
				ENABLE_RESOURCE_ACCESS_CONTACTS = NO;
				ENABLE_RESOURCE_ACCESS_LOCATION = NO;
				ENABLE_RESOURCE_ACCESS_PHOTO_LIBRARY = NO;
				INFOPLIST_FILE = "";
				INSTALL_PATH = "";
				IPHONEOS_DEPLOYMENT_TARGET = 15.6;
				MACOSX_DEPLOYMENT_TARGET = 13.5;
				MARKETING_VERSION = 1.5.2;
				OTHER_LDFLAGS = "";
				PRODUCT_BUNDLE_IDENTIFIER = cn.vanjay.HostsEditorHelper;
				PRODUCT_NAME = "$(TARGET_NAME)";
				RUNTIME_EXCEPTION_ALLOW_DYLD_ENVIRONMENT_VARIABLES = NO;
				RUNTIME_EXCEPTION_ALLOW_JIT = NO;
				RUNTIME_EXCEPTION_ALLOW_UNSIGNED_EXECUTABLE_MEMORY = NO;
				RUNTIME_EXCEPTION_DEBUGGING_TOOL = NO;
				RUNTIME_EXCEPTION_DISABLE_EXECUTABLE_PAGE_PROTECTION = NO;
				RUNTIME_EXCEPTION_DISABLE_LIBRARY_VALIDATION = NO;
				SKIP_INSTALL = YES;
				SWIFT_EMIT_LOC_STRINGS = NO;
				SWIFT_VERSION = 5.0;
			};
			name = Debug;
		};
		955DC80C2F5E5C0000A34B51 /* Release */ = {
			isa = XCBuildConfiguration;
			buildSettings = {
				AUTOMATION_APPLE_EVENTS = NO;
				CODE_SIGN_ENTITLEMENTS = "";
				CODE_SIGN_IDENTITY = "Developer ID Application";
				CODE_SIGN_STYLE = Manual;
				CODE_SIGN_TIMESTAMP = YES;
				CURRENT_PROJECT_VERSION = 7;
				DEVELOPMENT_TEAM = X6B6C6U6QV;
				ENABLE_HARDENED_RUNTIME = YES;
				ENABLE_RESOURCE_ACCESS_AUDIO_INPUT = NO;
				ENABLE_RESOURCE_ACCESS_CALENDARS = NO;
				ENABLE_RESOURCE_ACCESS_CAMERA = NO;
				ENABLE_RESOURCE_ACCESS_CONTACTS = NO;
				ENABLE_RESOURCE_ACCESS_LOCATION = NO;
				ENABLE_RESOURCE_ACCESS_PHOTO_LIBRARY = NO;
				INFOPLIST_FILE = "";
				INSTALL_PATH = "";
				IPHONEOS_DEPLOYMENT_TARGET = 15.6;
				MACOSX_DEPLOYMENT_TARGET = 13.5;
				MARKETING_VERSION = 1.5.2;
				OTHER_LDFLAGS = "";
				PRODUCT_BUNDLE_IDENTIFIER = cn.vanjay.HostsEditorHelper;
				PRODUCT_NAME = "$(TARGET_NAME)";
				PROVISIONING_PROFILE_SPECIFIER = "";
				RUNTIME_EXCEPTION_ALLOW_DYLD_ENVIRONMENT_VARIABLES = NO;
				RUNTIME_EXCEPTION_ALLOW_JIT = NO;
				RUNTIME_EXCEPTION_ALLOW_UNSIGNED_EXECUTABLE_MEMORY = NO;
				RUNTIME_EXCEPTION_DEBUGGING_TOOL = NO;
				RUNTIME_EXCEPTION_DISABLE_EXECUTABLE_PAGE_PROTECTION = NO;
				RUNTIME_EXCEPTION_DISABLE_LIBRARY_VALIDATION = NO;
				SKIP_INSTALL = YES;
				SWIFT_EMIT_LOC_STRINGS = NO;
				SWIFT_VERSION = 5.0;
			};
			name = Release;
		};
/* End XCBuildConfiguration section */

/* Begin XCConfigurationList section */
		955DC7A72F5E5B9700A34B51 /* Build configuration list for PBXProject "HostsEditor" */ = {
			isa = XCConfigurationList;
			buildConfigurations = (
				955DC7CE2F5E5B9900A34B51 /* Debug */,
				955DC7CF2F5E5B9900A34B51 /* Release */,
			);
			defaultConfigurationIsVisible = 0;
			defaultConfigurationName = Release;
		};
		955DC7D02F5E5B9900A34B51 /* Build configuration list for PBXNativeTarget "HostsEditor" */ = {
			isa = XCConfigurationList;
			buildConfigurations = (
				955DC7D12F5E5B9900A34B51 /* Debug */,
				955DC7D22F5E5B9900A34B51 /* Release */,
			);
			defaultConfigurationIsVisible = 0;
			defaultConfigurationName = Release;
		};
		955DC7D32F5E5B9900A34B51 /* Build configuration list for PBXNativeTarget "HostsEditorTests" */ = {
			isa = XCConfigurationList;
			buildConfigurations = (
				955DC7D42F5E5B9900A34B51 /* Debug */,
				955DC7D52F5E5B9900A34B51 /* Release */,
			);
			defaultConfigurationIsVisible = 0;
			defaultConfigurationName = Release;
		};
		955DC7D62F5E5B9900A34B51 /* Build configuration list for PBXNativeTarget "HostsEditorUITests" */ = {
			isa = XCConfigurationList;
			buildConfigurations = (
				955DC7D72F5E5B9900A34B51 /* Debug */,
				955DC7D82F5E5B9900A34B51 /* Release */,
			);
			defaultConfigurationIsVisible = 0;
			defaultConfigurationName = Release;
		};
		955DC80A2F5E5C0000A34B51 /* Build configuration list for PBXNativeTarget "HostsEditorHelper" */ = {
			isa = XCConfigurationList;
			buildConfigurations = (
				955DC80B2F5E5C0000A34B51 /* Debug */,
				955DC80C2F5E5C0000A34B51 /* Release */,
			);
			defaultConfigurationIsVisible = 0;
			defaultConfigurationName = Release;
		};
/* End XCConfigurationList section */

/* Begin XCRemoteSwiftPackageReference section */
		A1B2C3D52F6A000000A34B51 /* XCRemoteSwiftPackageReference "SnapKit" */ = {
			isa = XCRemoteSwiftPackageReference;
			repositoryURL = "https://github.com/SnapKit/SnapKit.git";
			requirement = {
				kind = upToNextMajorVersion;
				minimumVersion = 5.7.1;
			};
		};
		DCA1CFE03F952840914E5D99 /* XCRemoteSwiftPackageReference "Sparkle" */ = {
			isa = XCRemoteSwiftPackageReference;
			repositoryURL = "https://github.com/sparkle-project/Sparkle.git";
			requirement = {
				kind = upToNextMajorVersion;
				minimumVersion = 2.8.0;
			};
		};
/* End XCRemoteSwiftPackageReference section */

/* Begin XCSwiftPackageProductDependency section */
		A1B2C3D62F6A000000A34B51 /* SnapKit */ = {
			isa = XCSwiftPackageProductDependency;
			package = A1B2C3D52F6A000000A34B51 /* XCRemoteSwiftPackageReference "SnapKit" */;
			productName = SnapKit;
		};
		01AF1926754AF7C59AE59BA3 /* Sparkle */ = {
			isa = XCSwiftPackageProductDependency;
			package = DCA1CFE03F952840914E5D99 /* XCRemoteSwiftPackageReference "Sparkle" */;
			productName = Sparkle;
		};
/* End XCSwiftPackageProductDependency section */
	};
	rootObject = 955DC7A42F5E5B9700A34B51 /* Project object */;
}
